// !$*UTF8*$!
{
	archiveVersion = 1;
	classes = {
	};
	objectVersion = 52;
	objects = {

/* Begin PBXBuildFile section */
		2C69B595041A926BF5C0AABC /* Pods_SudokuElves.framework in Frameworks */ = {isa = PBXBuildFile; fileRef = 5427819A4B389350C5B2DB23 /* Pods_SudokuElves.framework */; };
		38D1616506E19C98E75FCF74 /* Pods_iOS_App_Sudoku_Elves_CN__.framework in Frameworks */ = {isa = PBXBuildFile; fileRef = 8EB4F89EA920D00E78F9A1F0 /* Pods_iOS_App_Sudoku_Elves_CN__.framework */; };
		3E358E65269DD66200182424 /* AppDelegate.swift in Sources */ = {isa = PBXBuildFile; fileRef = 3E358E64269DD66200182424 /* AppDelegate.swift */; };
		3E358E67269DD66200182424 /* SceneDelegate.swift in Sources */ = {isa = PBXBuildFile; fileRef = 3E358E66269DD66200182424 /* SceneDelegate.swift */; };
		3E358E69269DD66200182424 /* ContentView.swift in Sources */ = {isa = PBXBuildFile; fileRef = 3E358E68269DD66200182424 /* ContentView.swift */; };
		3E358E6B269DD66300182424 /* Assets.xcassets in Resources */ = {isa = PBXBuildFile; fileRef = 3E358E6A269DD66300182424 /* Assets.xcassets */; };
		3E358E6E269DD66300182424 /* Preview Assets.xcassets in Resources */ = {isa = PBXBuildFile; fileRef = 3E358E6D269DD66300182424 /* Preview Assets.xcassets */; };
		3E358E71269DD66300182424 /* LaunchScreen.storyboard in Resources */ = {isa = PBXBuildFile; fileRef = 3E358E6F269DD66300182424 /* LaunchScreen.storyboard */; };
		3E358E7D269DD67100182424 /* AppDelegate.swift in Sources */ = {isa = PBXBuildFile; fileRef = 3E358E7C269DD67100182424 /* AppDelegate.swift */; };
		3E358E7F269DD67100182424 /* SceneDelegate.swift in Sources */ = {isa = PBXBuildFile; fileRef = 3E358E7E269DD67100182424 /* SceneDelegate.swift */; };
		3E358E81269DD67100182424 /* ContentView.swift in Sources */ = {isa = PBXBuildFile; fileRef = 3E358E80269DD67100182424 /* ContentView.swift */; };
		3E358E83269DD67300182424 /* Assets.xcassets in Resources */ = {isa = PBXBuildFile; fileRef = 3E358E82269DD67300182424 /* Assets.xcassets */; };
		3E358E86269DD67300182424 /* Preview Assets.xcassets in Resources */ = {isa = PBXBuildFile; fileRef = 3E358E85269DD67300182424 /* Preview Assets.xcassets */; };
		3E358E89269DD67300182424 /* LaunchScreen.storyboard in Resources */ = {isa = PBXBuildFile; fileRef = 3E358E87269DD67300182424 /* LaunchScreen.storyboard */; };
		3E358E95269DD68100182424 /* AppDelegate.swift in Sources */ = {isa = PBXBuildFile; fileRef = 3E358E94269DD68100182424 /* AppDelegate.swift */; };
		3E358E97269DD68100182424 /* SceneDelegate.swift in Sources */ = {isa = PBXBuildFile; fileRef = 3E358E96269DD68100182424 /* SceneDelegate.swift */; };
		3E358E99269DD68100182424 /* ContentView.swift in Sources */ = {isa = PBXBuildFile; fileRef = 3E358E98269DD68100182424 /* ContentView.swift */; };
		3E358E9B269DD68100182424 /* Assets.xcassets in Resources */ = {isa = PBXBuildFile; fileRef = 3E358E9A269DD68100182424 /* Assets.xcassets */; };
		3E358E9E269DD68100182424 /* Preview Assets.xcassets in Resources */ = {isa = PBXBuildFile; fileRef = 3E358E9D269DD68100182424 /* Preview Assets.xcassets */; };
		3E358EA1269DD68100182424 /* LaunchScreen.storyboard in Resources */ = {isa = PBXBuildFile; fileRef = 3E358E9F269DD68100182424 /* LaunchScreen.storyboard */; };
		3E358EAD269DD68B00182424 /* AppDelegate.swift in Sources */ = {isa = PBXBuildFile; fileRef = 3E358EAC269DD68B00182424 /* AppDelegate.swift */; };
		3E358EAF269DD68B00182424 /* SceneDelegate.swift in Sources */ = {isa = PBXBuildFile; fileRef = 3E358EAE269DD68B00182424 /* SceneDelegate.swift */; };
		3E358EB1269DD68B00182424 /* ContentView.swift in Sources */ = {isa = PBXBuildFile; fileRef = 3E358EB0269DD68B00182424 /* ContentView.swift */; };
		3E358EB3269DD68B00182424 /* Assets.xcassets in Resources */ = {isa = PBXBuildFile; fileRef = 3E358EB2269DD68B00182424 /* Assets.xcassets */; };
		3E358EB6269DD68B00182424 /* Preview Assets.xcassets in Resources */ = {isa = PBXBuildFile; fileRef = 3E358EB5269DD68B00182424 /* Preview Assets.xcassets */; };
		3E358EB9269DD68B00182424 /* LaunchScreen.storyboard in Resources */ = {isa = PBXBuildFile; fileRef = 3E358EB7269DD68B00182424 /* LaunchScreen.storyboard */; };
		3E358EC8269DDE5800182424 /* SwiftyStoreKit in Frameworks */ = {isa = PBXBuildFile; productRef = 3E358EC7269DDE5800182424 /* SwiftyStoreKit */; };
		3E5516C1269DDF3200F0508E /* SwiftyStoreKit in Frameworks */ = {isa = PBXBuildFile; productRef = 3E5516C0269DDF3200F0508E /* SwiftyStoreKit */; };
		3E5516C3269DDFEC00F0508E /* GoogleService-Info.plist in Resources */ = {isa = PBXBuildFile; fileRef = 3E5516C2269DDFEC00F0508E /* GoogleService-Info.plist */; };
		3E5516C7269DE01B00F0508E /* InterstitialAds.swift in Sources */ = {isa = PBXBuildFile; fileRef = 3E5516C6269DE01B00F0508E /* InterstitialAds.swift */; };
		3E5516C8269DE50200F0508E /* Util.swift in Sources */ = {isa = PBXBuildFile; fileRef = 3EA36517269DD1C0008D5AC5 /* Util.swift */; };
		3E5516C9269DE50200F0508E /* Util.swift in Sources */ = {isa = PBXBuildFile; fileRef = 3EA36517269DD1C0008D5AC5 /* Util.swift */; };
		3E5516CA269DE50200F0508E /* Util.swift in Sources */ = {isa = PBXBuildFile; fileRef = 3EA36517269DD1C0008D5AC5 /* Util.swift */; };
		3E5516CB269DE50300F0508E /* Util.swift in Sources */ = {isa = PBXBuildFile; fileRef = 3EA36517269DD1C0008D5AC5 /* Util.swift */; };
		3E5516CD269DE53F00F0508E /* Vision.swift in Sources */ = {isa = PBXBuildFile; fileRef = 3E5516CC269DE53F00F0508E /* Vision.swift */; };
		3E5516CE269DE55000F0508E /* Vision.swift in Sources */ = {isa = PBXBuildFile; fileRef = 3E5516CC269DE53F00F0508E /* Vision.swift */; };
		3E5516CF269DE55000F0508E /* Vision.swift in Sources */ = {isa = PBXBuildFile; fileRef = 3E5516CC269DE53F00F0508E /* Vision.swift */; };
		3E5516D0269DE55000F0508E /* Vision.swift in Sources */ = {isa = PBXBuildFile; fileRef = 3E5516CC269DE53F00F0508E /* Vision.swift */; };
		3E5516D1269DE55500F0508E /* StopWatchManager.swift in Sources */ = {isa = PBXBuildFile; fileRef = 3EA36515269DD1A1008D5AC5 /* StopWatchManager.swift */; };
		3E5516D2269DE55600F0508E /* StopWatchManager.swift in Sources */ = {isa = PBXBuildFile; fileRef = 3EA36515269DD1A1008D5AC5 /* StopWatchManager.swift */; };
		3E5516D3269DE55600F0508E /* StopWatchManager.swift in Sources */ = {isa = PBXBuildFile; fileRef = 3EA36515269DD1A1008D5AC5 /* StopWatchManager.swift */; };
		3E5516D4269DE55600F0508E /* StopWatchManager.swift in Sources */ = {isa = PBXBuildFile; fileRef = 3EA36515269DD1A1008D5AC5 /* StopWatchManager.swift */; };
		3E5516D5269DE55900F0508E /* Conjecturer.swift in Sources */ = {isa = PBXBuildFile; fileRef = 3EA3650F269DD0FE008D5AC5 /* Conjecturer.swift */; };
		3E5516D6269DE55900F0508E /* Conjecturer.swift in Sources */ = {isa = PBXBuildFile; fileRef = 3EA3650F269DD0FE008D5AC5 /* Conjecturer.swift */; };
		3E5516D7269DE55A00F0508E /* Conjecturer.swift in Sources */ = {isa = PBXBuildFile; fileRef = 3EA3650F269DD0FE008D5AC5 /* Conjecturer.swift */; };
		3E5516D8269DE55A00F0508E /* Conjecturer.swift in Sources */ = {isa = PBXBuildFile; fileRef = 3EA3650F269DD0FE008D5AC5 /* Conjecturer.swift */; };
		3E5516D9269DE55C00F0508E /* Generator.swift in Sources */ = {isa = PBXBuildFile; fileRef = 3EA36511269DD17D008D5AC5 /* Generator.swift */; };
		3E5516DA269DE55D00F0508E /* Generator.swift in Sources */ = {isa = PBXBuildFile; fileRef = 3EA36511269DD17D008D5AC5 /* Generator.swift */; };
		3E5516DB269DE55D00F0508E /* Generator.swift in Sources */ = {isa = PBXBuildFile; fileRef = 3EA36511269DD17D008D5AC5 /* Generator.swift */; };
		3E5516DC269DE55D00F0508E /* Generator.swift in Sources */ = {isa = PBXBuildFile; fileRef = 3EA36511269DD17D008D5AC5 /* Generator.swift */; };
		3E5516DD269DE56000F0508E /* Solver.swift in Sources */ = {isa = PBXBuildFile; fileRef = 3EA36513269DD18C008D5AC5 /* Solver.swift */; };
		3E5516DE269DE56000F0508E /* Solver.swift in Sources */ = {isa = PBXBuildFile; fileRef = 3EA36513269DD18C008D5AC5 /* Solver.swift */; };
		3E5516DF269DE56000F0508E /* Solver.swift in Sources */ = {isa = PBXBuildFile; fileRef = 3EA36513269DD18C008D5AC5 /* Solver.swift */; };
		3E5516E0269DE56100F0508E /* Solver.swift in Sources */ = {isa = PBXBuildFile; fileRef = 3EA36513269DD18C008D5AC5 /* Solver.swift */; };
		3E5516E3269DE5C500F0508E /* Localizable.strings in Resources */ = {isa = PBXBuildFile; fileRef = 3E5516E5269DE5C500F0508E /* Localizable.strings */; };
		3E5516E8269DE65D00F0508E /* ShopView.swift in Sources */ = {isa = PBXBuildFile; fileRef = 3E5516E7269DE65D00F0508E /* ShopView.swift */; };
		3E5516EA269DE67B00F0508E /* PlayingView.swift in Sources */ = {isa = PBXBuildFile; fileRef = 3E5516E9269DE67B00F0508E /* PlayingView.swift */; };
		3EA36508269DCE29008D5AC5 /* main.swift in Sources */ = {isa = PBXBuildFile; fileRef = 3EA36507269DCE29008D5AC5 /* main.swift */; };
		3EA36510269DD0FE008D5AC5 /* Conjecturer.swift in Sources */ = {isa = PBXBuildFile; fileRef = 3EA3650F269DD0FE008D5AC5 /* Conjecturer.swift */; };
		3EA36512269DD17D008D5AC5 /* Generator.swift in Sources */ = {isa = PBXBuildFile; fileRef = 3EA36511269DD17D008D5AC5 /* Generator.swift */; };
		3EA36514269DD18C008D5AC5 /* Solver.swift in Sources */ = {isa = PBXBuildFile; fileRef = 3EA36513269DD18C008D5AC5 /* Solver.swift */; };
		3EA36516269DD1A1008D5AC5 /* StopWatchManager.swift in Sources */ = {isa = PBXBuildFile; fileRef = 3EA36515269DD1A1008D5AC5 /* StopWatchManager.swift */; };
		3EA36518269DD1C0008D5AC5 /* Util.swift in Sources */ = {isa = PBXBuildFile; fileRef = 3EA36517269DD1C0008D5AC5 /* Util.swift */; };
		8434CE70FEEFA2AB1E519B0A /* Pods_iOS_App_Sudoku_Elves_CN.framework in Frameworks */ = {isa = PBXBuildFile; fileRef = 3379DD89C7401FF4116424FB /* Pods_iOS_App_Sudoku_Elves_CN.framework */; };
		AC4AF9F370EBE63301F9FD48 /* Pods_iOS_App_Sudoku_Elves__.framework in Frameworks */ = {isa = PBXBuildFile; fileRef = FC0BDF4B981917DF764D793D /* Pods_iOS_App_Sudoku_Elves__.framework */; };
		D540ED7A885B5F390567C173 /* Pods_iOS_App_Sudoku_Elves.framework in Frameworks */ = {isa = PBXBuildFile; fileRef = 227ACB9A8A6C8A918B0BCA62 /* Pods_iOS_App_Sudoku_Elves.framework */; };
/* End PBXBuildFile section */

/* Begin PBXCopyFilesBuildPhase section */
		3EA36502269DCE29008D5AC5 /* CopyFiles */ = {
			isa = PBXCopyFilesBuildPhase;
			buildActionMask = 2147483647;
			dstPath = /usr/share/man/man1/;
			dstSubfolderSpec = 0;
			files = (
			);
			runOnlyForDeploymentPostprocessing = 1;
		};
/* End PBXCopyFilesBuildPhase section */

/* Begin PBXFileReference section */
		227ACB9A8A6C8A918B0BCA62 /* Pods_iOS_App_Sudoku_Elves.framework */ = {isa = PBXFileReference; explicitFileType = wrapper.framework; includeInIndex = 0; path = Pods_iOS_App_Sudoku_Elves.framework; sourceTree = BUILT_PRODUCTS_DIR; };
		32518EC15AD81F51D6CE59F4 /* Pods-iOS App-Sudoku Elves +.release.xcconfig */ = {isa = PBXFileReference; includeInIndex = 1; lastKnownFileType = text.xcconfig; name = "Pods-iOS App-Sudoku Elves +.release.xcconfig"; path = "Target Support Files/Pods-iOS App-Sudoku Elves +/Pods-iOS App-Sudoku Elves +.release.xcconfig"; sourceTree = "<group>"; };
		3379DD89C7401FF4116424FB /* Pods_iOS_App_Sudoku_Elves_CN.framework */ = {isa = PBXFileReference; explicitFileType = wrapper.framework; includeInIndex = 0; path = Pods_iOS_App_Sudoku_Elves_CN.framework; sourceTree = BUILT_PRODUCTS_DIR; };
		3B5F58979B1178C04892E1CC /* Pods-SudokuElves.release.xcconfig */ = {isa = PBXFileReference; includeInIndex = 1; lastKnownFileType = text.xcconfig; name = "Pods-SudokuElves.release.xcconfig"; path = "Target Support Files/Pods-SudokuElves/Pods-SudokuElves.release.xcconfig"; sourceTree = "<group>"; };
		3E358E62269DD66200182424 /* Sudoku Elves.app */ = {isa = PBXFileReference; explicitFileType = wrapper.application; includeInIndex = 0; path = "Sudoku Elves.app"; sourceTree = BUILT_PRODUCTS_DIR; };
		3E358E64269DD66200182424 /* AppDelegate.swift */ = {isa = PBXFileReference; lastKnownFileType = sourcecode.swift; path = AppDelegate.swift; sourceTree = "<group>"; };
		3E358E66269DD66200182424 /* SceneDelegate.swift */ = {isa = PBXFileReference; lastKnownFileType = sourcecode.swift; path = SceneDelegate.swift; sourceTree = "<group>"; };
		3E358E68269DD66200182424 /* ContentView.swift */ = {isa = PBXFileReference; lastKnownFileType = sourcecode.swift; path = ContentView.swift; sourceTree = "<group>"; };
		3E358E6A269DD66300182424 /* Assets.xcassets */ = {isa = PBXFileReference; lastKnownFileType = folder.assetcatalog; path = Assets.xcassets; sourceTree = "<group>"; };
		3E358E6D269DD66300182424 /* Preview Assets.xcassets */ = {isa = PBXFileReference; lastKnownFileType = folder.assetcatalog; path = "Preview Assets.xcassets"; sourceTree = "<group>"; };
		3E358E72269DD66300182424 /* Info.plist */ = {isa = PBXFileReference; lastKnownFileType = text.plist.xml; path = Info.plist; sourceTree = "<group>"; };
		3E358E7A269DD67100182424 /* Sudoku Elves CN.app */ = {isa = PBXFileReference; explicitFileType = wrapper.application; includeInIndex = 0; path = "Sudoku Elves CN.app"; sourceTree = BUILT_PRODUCTS_DIR; };
		3E358E7C269DD67100182424 /* AppDelegate.swift */ = {isa = PBXFileReference; lastKnownFileType = sourcecode.swift; path = AppDelegate.swift; sourceTree = "<group>"; };
		3E358E7E269DD67100182424 /* SceneDelegate.swift */ = {isa = PBXFileReference; lastKnownFileType = sourcecode.swift; path = SceneDelegate.swift; sourceTree = "<group>"; };
		3E358E80269DD67100182424 /* ContentView.swift */ = {isa = PBXFileReference; lastKnownFileType = sourcecode.swift; path = ContentView.swift; sourceTree = "<group>"; };
		3E358E82269DD67300182424 /* Assets.xcassets */ = {isa = PBXFileReference; lastKnownFileType = folder.assetcatalog; path = Assets.xcassets; sourceTree = "<group>"; };
		3E358E85269DD67300182424 /* Preview Assets.xcassets */ = {isa = PBXFileReference; lastKnownFileType = folder.assetcatalog; path = "Preview Assets.xcassets"; sourceTree = "<group>"; };
		3E358E8A269DD67300182424 /* Info.plist */ = {isa = PBXFileReference; lastKnownFileType = text.plist.xml; path = Info.plist; sourceTree = "<group>"; };
		3E358E92269DD68100182424 /* Sudoku Elves +.app */ = {isa = PBXFileReference; explicitFileType = wrapper.application; includeInIndex = 0; path = "Sudoku Elves +.app"; sourceTree = BUILT_PRODUCTS_DIR; };
		3E358E94269DD68100182424 /* AppDelegate.swift */ = {isa = PBXFileReference; lastKnownFileType = sourcecode.swift; path = AppDelegate.swift; sourceTree = "<group>"; };
		3E358E96269DD68100182424 /* SceneDelegate.swift */ = {isa = PBXFileReference; lastKnownFileType = sourcecode.swift; path = SceneDelegate.swift; sourceTree = "<group>"; };
		3E358E98269DD68100182424 /* ContentView.swift */ = {isa = PBXFileReference; lastKnownFileType = sourcecode.swift; path = ContentView.swift; sourceTree = "<group>"; };
		3E358E9A269DD68100182424 /* Assets.xcassets */ = {isa = PBXFileReference; lastKnownFileType = folder.assetcatalog; path = Assets.xcassets; sourceTree = "<group>"; };
		3E358E9D269DD68100182424 /* Preview Assets.xcassets */ = {isa = PBXFileReference; lastKnownFileType = folder.assetcatalog; path = "Preview Assets.xcassets"; sourceTree = "<group>"; };
		3E358EA2269DD68100182424 /* Info.plist */ = {isa = PBXFileReference; lastKnownFileType = text.plist.xml; path = Info.plist; sourceTree = "<group>"; };
		3E358EAA269DD68B00182424 /* Sudoku Elves CN +.app */ = {isa = PBXFileReference; explicitFileType = wrapper.application; includeInIndex = 0; path = "Sudoku Elves CN +.app"; sourceTree = BUILT_PRODUCTS_DIR; };
		3E358EAC269DD68B00182424 /* AppDelegate.swift */ = {isa = PBXFileReference; lastKnownFileType = sourcecode.swift; path = AppDelegate.swift; sourceTree = "<group>"; };
		3E358EAE269DD68B00182424 /* SceneDelegate.swift */ = {isa = PBXFileReference; lastKnownFileType = sourcecode.swift; path = SceneDelegate.swift; sourceTree = "<group>"; };
		3E358EB0269DD68B00182424 /* ContentView.swift */ = {isa = PBXFileReference; lastKnownFileType = sourcecode.swift; path = ContentView.swift; sourceTree = "<group>"; };
		3E358EB2269DD68B00182424 /* Assets.xcassets */ = {isa = PBXFileReference; lastKnownFileType = folder.assetcatalog; path = Assets.xcassets; sourceTree = "<group>"; };
		3E358EB5269DD68B00182424 /* Preview Assets.xcassets */ = {isa = PBXFileReference; lastKnownFileType = folder.assetcatalog; path = "Preview Assets.xcassets"; sourceTree = "<group>"; };
		3E358EBA269DD68B00182424 /* Info.plist */ = {isa = PBXFileReference; lastKnownFileType = text.plist.xml; path = Info.plist; sourceTree = "<group>"; };
		3E358EBE269DDC3B00182424 /* en */ = {isa = PBXFileReference; lastKnownFileType = file.storyboard; name = en; path = en.lproj/LaunchScreen.storyboard; sourceTree = "<group>"; };
		3E358EBF269DDC3B00182424 /* en */ = {isa = PBXFileReference; lastKnownFileType = file.storyboard; name = en; path = en.lproj/LaunchScreen.storyboard; sourceTree = "<group>"; };
		3E358EC0269DDC3B00182424 /* en */ = {isa = PBXFileReference; lastKnownFileType = file.storyboard; name = en; path = en.lproj/LaunchScreen.storyboard; sourceTree = "<group>"; };
		3E358EC1269DDC3B00182424 /* en */ = {isa = PBXFileReference; lastKnownFileType = file.storyboard; name = en; path = en.lproj/LaunchScreen.storyboard; sourceTree = "<group>"; };
		3E358EC2269DDC4400182424 /* zh-Hans */ = {isa = PBXFileReference; lastKnownFileType = file.storyboard; name = "zh-Hans"; path = "zh-Hans.lproj/LaunchScreen.storyboard"; sourceTree = "<group>"; };
		3E358EC3269DDC4500182424 /* zh-Hans */ = {isa = PBXFileReference; lastKnownFileType = file.storyboard; name = "zh-Hans"; path = "zh-Hans.lproj/LaunchScreen.storyboard"; sourceTree = "<group>"; };
		3E358EC4269DDC4500182424 /* zh-Hans */ = {isa = PBXFileReference; lastKnownFileType = file.storyboard; name = "zh-Hans"; path = "zh-Hans.lproj/LaunchScreen.storyboard"; sourceTree = "<group>"; };
		3E358EC5269DDC4500182424 /* zh-Hans */ = {isa = PBXFileReference; lastKnownFileType = file.storyboard; name = "zh-Hans"; path = "zh-Hans.lproj/LaunchScreen.storyboard"; sourceTree = "<group>"; };
		3E5516C2269DDFEC00F0508E /* GoogleService-Info.plist */ = {isa = PBXFileReference; fileEncoding = 4; lastKnownFileType = text.plist.xml; path = "GoogleService-Info.plist"; sourceTree = "<group>"; };
		3E5516C6269DE01B00F0508E /* InterstitialAds.swift */ = {isa = PBXFileReference; lastKnownFileType = sourcecode.swift; path = InterstitialAds.swift; sourceTree = "<group>"; };
		3E5516CC269DE53F00F0508E /* Vision.swift */ = {isa = PBXFileReference; lastKnownFileType = sourcecode.swift; path = Vision.swift; sourceTree = "<group>"; };
		3E5516E4269DE5C500F0508E /* en */ = {isa = PBXFileReference; lastKnownFileType = text.plist.strings; name = en; path = en.lproj/Localizable.strings; sourceTree = "<group>"; };
		3E5516E6269DE5C800F0508E /* zh-Hans */ = {isa = PBXFileReference; lastKnownFileType = text.plist.strings; name = "zh-Hans"; path = "zh-Hans.lproj/Localizable.strings"; sourceTree = "<group>"; };
		3E5516E7269DE65D00F0508E /* ShopView.swift */ = {isa = PBXFileReference; lastKnownFileType = sourcecode.swift; path = ShopView.swift; sourceTree = "<group>"; };
		3E5516E9269DE67B00F0508E /* PlayingView.swift */ = {isa = PBXFileReference; lastKnownFileType = sourcecode.swift; path = PlayingView.swift; sourceTree = "<group>"; };
		3EA36504269DCE29008D5AC5 /* SudokuElves */ = {isa = PBXFileReference; explicitFileType = "compiled.mach-o.executable"; includeInIndex = 0; path = SudokuElves; sourceTree = BUILT_PRODUCTS_DIR; };
		3EA36507269DCE29008D5AC5 /* main.swift */ = {isa = PBXFileReference; lastKnownFileType = sourcecode.swift; path = main.swift; sourceTree = "<group>"; };
		3EA3650F269DD0FE008D5AC5 /* Conjecturer.swift */ = {isa = PBXFileReference; lastKnownFileType = sourcecode.swift; path = Conjecturer.swift; sourceTree = "<group>"; };
		3EA36511269DD17D008D5AC5 /* Generator.swift */ = {isa = PBXFileReference; lastKnownFileType = sourcecode.swift; path = Generator.swift; sourceTree = "<group>"; };
		3EA36513269DD18C008D5AC5 /* Solver.swift */ = {isa = PBXFileReference; lastKnownFileType = sourcecode.swift; path = Solver.swift; sourceTree = "<group>"; };
		3EA36515269DD1A1008D5AC5 /* StopWatchManager.swift */ = {isa = PBXFileReference; lastKnownFileType = sourcecode.swift; path = StopWatchManager.swift; sourceTree = "<group>"; };
		3EA36517269DD1C0008D5AC5 /* Util.swift */ = {isa = PBXFileReference; lastKnownFileType = sourcecode.swift; path = Util.swift; sourceTree = "<group>"; };
		4110F25BF6EB0CA0BF317575 /* Pods-iOS App-Sudoku Elves +.debug.xcconfig */ = {isa = PBXFileReference; includeInIndex = 1; lastKnownFileType = text.xcconfig; name = "Pods-iOS App-Sudoku Elves +.debug.xcconfig"; path = "Target Support Files/Pods-iOS App-Sudoku Elves +/Pods-iOS App-Sudoku Elves +.debug.xcconfig"; sourceTree = "<group>"; };
		5427819A4B389350C5B2DB23 /* Pods_SudokuElves.framework */ = {isa = PBXFileReference; explicitFileType = wrapper.framework; includeInIndex = 0; path = Pods_SudokuElves.framework; sourceTree = BUILT_PRODUCTS_DIR; };
		5CA37A5CA03725A7F69EB5DF /* Pods-SudokuElves.debug.xcconfig */ = {isa = PBXFileReference; includeInIndex = 1; lastKnownFileType = text.xcconfig; name = "Pods-SudokuElves.debug.xcconfig"; path = "Target Support Files/Pods-SudokuElves/Pods-SudokuElves.debug.xcconfig"; sourceTree = "<group>"; };
		6600192DC3566FE824CC9B56 /* Pods-iOS App-Sudoku Elves CN.debug.xcconfig */ = {isa = PBXFileReference; includeInIndex = 1; lastKnownFileType = text.xcconfig; name = "Pods-iOS App-Sudoku Elves CN.debug.xcconfig"; path = "Target Support Files/Pods-iOS App-Sudoku Elves CN/Pods-iOS App-Sudoku Elves CN.debug.xcconfig"; sourceTree = "<group>"; };
		8EB4F89EA920D00E78F9A1F0 /* Pods_iOS_App_Sudoku_Elves_CN__.framework */ = {isa = PBXFileReference; explicitFileType = wrapper.framework; includeInIndex = 0; path = Pods_iOS_App_Sudoku_Elves_CN__.framework; sourceTree = BUILT_PRODUCTS_DIR; };
		90B669E23CA89E97C15A5786 /* Pods-iOS App-Sudoku Elves CN +.debug.xcconfig */ = {isa = PBXFileReference; includeInIndex = 1; lastKnownFileType = text.xcconfig; name = "Pods-iOS App-Sudoku Elves CN +.debug.xcconfig"; path = "Target Support Files/Pods-iOS App-Sudoku Elves CN +/Pods-iOS App-Sudoku Elves CN +.debug.xcconfig"; sourceTree = "<group>"; };
		AF4A086331B38A004CAA985F /* Pods-iOS App-Sudoku Elves CN +.release.xcconfig */ = {isa = PBXFileReference; includeInIndex = 1; lastKnownFileType = text.xcconfig; name = "Pods-iOS App-Sudoku Elves CN +.release.xcconfig"; path = "Target Support Files/Pods-iOS App-Sudoku Elves CN +/Pods-iOS App-Sudoku Elves CN +.release.xcconfig"; sourceTree = "<group>"; };
		BE977F2668B52134F51EA2DE /* Pods-iOS App-Sudoku Elves.debug.xcconfig */ = {isa = PBXFileReference; includeInIndex = 1; lastKnownFileType = text.xcconfig; name = "Pods-iOS App-Sudoku Elves.debug.xcconfig"; path = "Target Support Files/Pods-iOS App-Sudoku Elves/Pods-iOS App-Sudoku Elves.debug.xcconfig"; sourceTree = "<group>"; };
		E54BC3B431B75CEA8F43210F /* Pods-iOS App-Sudoku Elves.release.xcconfig */ = {isa = PBXFileReference; includeInIndex = 1; lastKnownFileType = text.xcconfig; name = "Pods-iOS App-Sudoku Elves.release.xcconfig"; path = "Target Support Files/Pods-iOS App-Sudoku Elves/Pods-iOS App-Sudoku Elves.release.xcconfig"; sourceTree = "<group>"; };
		E61005503A4AC616C17628ED /* Pods-iOS App-Sudoku Elves CN.release.xcconfig */ = {isa = PBXFileReference; includeInIndex = 1; lastKnownFileType = text.xcconfig; name = "Pods-iOS App-Sudoku Elves CN.release.xcconfig"; path = "Target Support Files/Pods-iOS App-Sudoku Elves CN/Pods-iOS App-Sudoku Elves CN.release.xcconfig"; sourceTree = "<group>"; };
		FC0BDF4B981917DF764D793D /* Pods_iOS_App_Sudoku_Elves__.framework */ = {isa = PBXFileReference; explicitFileType = wrapper.framework; includeInIndex = 0; path = Pods_iOS_App_Sudoku_Elves__.framework; sourceTree = BUILT_PRODUCTS_DIR; };
/* End PBXFileReference section */

/* Begin PBXFrameworksBuildPhase section */
		3E358E5F269DD66200182424 /* Frameworks */ = {
			isa = PBXFrameworksBuildPhase;
			buildActionMask = 2147483647;
			files = (
				3E5516C1269DDF3200F0508E /* SwiftyStoreKit in Frameworks */,
				D540ED7A885B5F390567C173 /* Pods_iOS_App_Sudoku_Elves.framework in Frameworks */,
			);
			runOnlyForDeploymentPostprocessing = 0;
		};
		3E358E77269DD67100182424 /* Frameworks */ = {
			isa = PBXFrameworksBuildPhase;
			buildActionMask = 2147483647;
			files = (
				8434CE70FEEFA2AB1E519B0A /* Pods_iOS_App_Sudoku_Elves_CN.framework in Frameworks */,
			);
			runOnlyForDeploymentPostprocessing = 0;
		};
		3E358E8F269DD68100182424 /* Frameworks */ = {
			isa = PBXFrameworksBuildPhase;
			buildActionMask = 2147483647;
			files = (
				AC4AF9F370EBE63301F9FD48 /* Pods_iOS_App_Sudoku_Elves__.framework in Frameworks */,
			);
			runOnlyForDeploymentPostprocessing = 0;
		};
		3E358EA7269DD68B00182424 /* Frameworks */ = {
			isa = PBXFrameworksBuildPhase;
			buildActionMask = 2147483647;
			files = (
				38D1616506E19C98E75FCF74 /* Pods_iOS_App_Sudoku_Elves_CN__.framework in Frameworks */,
			);
			runOnlyForDeploymentPostprocessing = 0;
		};
		3EA36501269DCE29008D5AC5 /* Frameworks */ = {
			isa = PBXFrameworksBuildPhase;
			buildActionMask = 2147483647;
			files = (
				3E358EC8269DDE5800182424 /* SwiftyStoreKit in Frameworks */,
				2C69B595041A926BF5C0AABC /* Pods_SudokuElves.framework in Frameworks */,
			);
			runOnlyForDeploymentPostprocessing = 0;
		};
/* End PBXFrameworksBuildPhase section */

/* Begin PBXGroup section */
		3453D3E5B68F93F2E4761578 /* Frameworks */ = {
			isa = PBXGroup;
			children = (
				5427819A4B389350C5B2DB23 /* Pods_SudokuElves.framework */,
				227ACB9A8A6C8A918B0BCA62 /* Pods_iOS_App_Sudoku_Elves.framework */,
				FC0BDF4B981917DF764D793D /* Pods_iOS_App_Sudoku_Elves__.framework */,
				3379DD89C7401FF4116424FB /* Pods_iOS_App_Sudoku_Elves_CN.framework */,
				8EB4F89EA920D00E78F9A1F0 /* Pods_iOS_App_Sudoku_Elves_CN__.framework */,
			);
			name = Frameworks;
			sourceTree = "<group>";
		};
		3E358E63269DD66200182424 /* Sudoku Elves */ = {
			isa = PBXGroup;
			children = (
				3E358E64269DD66200182424 /* AppDelegate.swift */,
				3E358E66269DD66200182424 /* SceneDelegate.swift */,
				3E358E68269DD66200182424 /* ContentView.swift */,
				3E5516E7269DE65D00F0508E /* ShopView.swift */,
				3E5516E9269DE67B00F0508E /* PlayingView.swift */,
				3E5516C6269DE01B00F0508E /* InterstitialAds.swift */,
				3E358E6A269DD66300182424 /* Assets.xcassets */,
				3E358E6F269DD66300182424 /* LaunchScreen.storyboard */,
				3E358E72269DD66300182424 /* Info.plist */,
				3E5516C2269DDFEC00F0508E /* GoogleService-Info.plist */,
				3E358E6C269DD66300182424 /* Preview Content */,
				3E5516E5269DE5C500F0508E /* Localizable.strings */,
			);
			path = "Sudoku Elves";
			sourceTree = "<group>";
		};
		3E358E6C269DD66300182424 /* Preview Content */ = {
			isa = PBXGroup;
			children = (
				3E358E6D269DD66300182424 /* Preview Assets.xcassets */,
			);
			path = "Preview Content";
			sourceTree = "<group>";
		};
		3E358E7B269DD67100182424 /* Sudoku Elves CN */ = {
			isa = PBXGroup;
			children = (
				3E358E7C269DD67100182424 /* AppDelegate.swift */,
				3E358E7E269DD67100182424 /* SceneDelegate.swift */,
				3E358E80269DD67100182424 /* ContentView.swift */,
				3E358E82269DD67300182424 /* Assets.xcassets */,
				3E358E87269DD67300182424 /* LaunchScreen.storyboard */,
				3E358E8A269DD67300182424 /* Info.plist */,
				3E358E84269DD67300182424 /* Preview Content */,
			);
			path = "Sudoku Elves CN";
			sourceTree = "<group>";
		};
		3E358E84269DD67300182424 /* Preview Content */ = {
			isa = PBXGroup;
			children = (
				3E358E85269DD67300182424 /* Preview Assets.xcassets */,
			);
			path = "Preview Content";
			sourceTree = "<group>";
		};
		3E358E93269DD68100182424 /* Sudoku Elves + */ = {
			isa = PBXGroup;
			children = (
				3E358E94269DD68100182424 /* AppDelegate.swift */,
				3E358E96269DD68100182424 /* SceneDelegate.swift */,
				3E358E98269DD68100182424 /* ContentView.swift */,
				3E358E9A269DD68100182424 /* Assets.xcassets */,
				3E358E9F269DD68100182424 /* LaunchScreen.storyboard */,
				3E358EA2269DD68100182424 /* Info.plist */,
				3E358E9C269DD68100182424 /* Preview Content */,
			);
			path = "Sudoku Elves +";
			sourceTree = "<group>";
		};
		3E358E9C269DD68100182424 /* Preview Content */ = {
			isa = PBXGroup;
			children = (
				3E358E9D269DD68100182424 /* Preview Assets.xcassets */,
			);
			path = "Preview Content";
			sourceTree = "<group>";
		};
		3E358EAB269DD68B00182424 /* Sudoku Elves CN + */ = {
			isa = PBXGroup;
			children = (
				3E358EAC269DD68B00182424 /* AppDelegate.swift */,
				3E358EAE269DD68B00182424 /* SceneDelegate.swift */,
				3E358EB0269DD68B00182424 /* ContentView.swift */,
				3E358EB2269DD68B00182424 /* Assets.xcassets */,
				3E358EB7269DD68B00182424 /* LaunchScreen.storyboard */,
				3E358EBA269DD68B00182424 /* Info.plist */,
				3E358EB4269DD68B00182424 /* Preview Content */,
			);
			path = "Sudoku Elves CN +";
			sourceTree = "<group>";
		};
		3E358EB4269DD68B00182424 /* Preview Content */ = {
			isa = PBXGroup;
			children = (
				3E358EB5269DD68B00182424 /* Preview Assets.xcassets */,
			);
			path = "Preview Content";
			sourceTree = "<group>";
		};
		3EA364FB269DCE29008D5AC5 = {
			isa = PBXGroup;
			children = (
				3EA3650E269DD0E7008D5AC5 /* Sudoku Elves Core */,
				3EA36506269DCE29008D5AC5 /* SudokuElves */,
				3E358E63269DD66200182424 /* Sudoku Elves */,
				3E358E7B269DD67100182424 /* Sudoku Elves CN */,
				3E358E93269DD68100182424 /* Sudoku Elves + */,
				3E358EAB269DD68B00182424 /* Sudoku Elves CN + */,
				3EA36505269DCE29008D5AC5 /* Products */,
				58E40FA859135DBEC89ABD0D /* Pods */,
				3453D3E5B68F93F2E4761578 /* Frameworks */,
			);
			sourceTree = "<group>";
		};
		3EA36505269DCE29008D5AC5 /* Products */ = {
			isa = PBXGroup;
			children = (
				3EA36504269DCE29008D5AC5 /* SudokuElves */,
				3E358E62269DD66200182424 /* Sudoku Elves.app */,
				3E358E7A269DD67100182424 /* Sudoku Elves CN.app */,
				3E358E92269DD68100182424 /* Sudoku Elves +.app */,
				3E358EAA269DD68B00182424 /* Sudoku Elves CN +.app */,
			);
			name = Products;
			sourceTree = "<group>";
		};
		3EA36506269DCE29008D5AC5 /* SudokuElves */ = {
			isa = PBXGroup;
			children = (
				3EA36507269DCE29008D5AC5 /* main.swift */,
			);
			path = SudokuElves;
			sourceTree = "<group>";
		};
		3EA3650E269DD0E7008D5AC5 /* Sudoku Elves Core */ = {
			isa = PBXGroup;
			children = (
				3EA3650F269DD0FE008D5AC5 /* Conjecturer.swift */,
				3EA36511269DD17D008D5AC5 /* Generator.swift */,
				3EA36513269DD18C008D5AC5 /* Solver.swift */,
				3EA36515269DD1A1008D5AC5 /* StopWatchManager.swift */,
				3EA36517269DD1C0008D5AC5 /* Util.swift */,
				3E5516CC269DE53F00F0508E /* Vision.swift */,
			);
			path = "Sudoku Elves Core";
			sourceTree = "<group>";
		};
		58E40FA859135DBEC89ABD0D /* Pods */ = {
			isa = PBXGroup;
			children = (
				5CA37A5CA03725A7F69EB5DF /* Pods-SudokuElves.debug.xcconfig */,
				3B5F58979B1178C04892E1CC /* Pods-SudokuElves.release.xcconfig */,
				BE977F2668B52134F51EA2DE /* Pods-iOS App-Sudoku Elves.debug.xcconfig */,
				E54BC3B431B75CEA8F43210F /* Pods-iOS App-Sudoku Elves.release.xcconfig */,
				4110F25BF6EB0CA0BF317575 /* Pods-iOS App-Sudoku Elves +.debug.xcconfig */,
				32518EC15AD81F51D6CE59F4 /* Pods-iOS App-Sudoku Elves +.release.xcconfig */,
				6600192DC3566FE824CC9B56 /* Pods-iOS App-Sudoku Elves CN.debug.xcconfig */,
				E61005503A4AC616C17628ED /* Pods-iOS App-Sudoku Elves CN.release.xcconfig */,
				90B669E23CA89E97C15A5786 /* Pods-iOS App-Sudoku Elves CN +.debug.xcconfig */,
				AF4A086331B38A004CAA985F /* Pods-iOS App-Sudoku Elves CN +.release.xcconfig */,
			);
			path = Pods;
			sourceTree = "<group>";
		};
/* End PBXGroup section */

/* Begin PBXNativeTarget section */
		3E358E61269DD66200182424 /* Sudoku Elves */ = {
			isa = PBXNativeTarget;
			buildConfigurationList = 3E358E75269DD66300182424 /* Build configuration list for PBXNativeTarget "Sudoku Elves" */;
			buildPhases = (
				6EEC232D929802C6C39BF7E4 /* [CP] Check Pods Manifest.lock */,
				3E358E5E269DD66200182424 /* Sources */,
				3E358E5F269DD66200182424 /* Frameworks */,
				3E358E60269DD66200182424 /* Resources */,
				FE2499DDF6A75FC8878BF974 /* [CP] Embed Pods Frameworks */,
			);
			buildRules = (
			);
			dependencies = (
			);
			name = "Sudoku Elves";
			packageProductDependencies = (
				3E5516C0269DDF3200F0508E /* SwiftyStoreKit */,
			);
			productName = "Sudoku Elves";
			productReference = 3E358E62269DD66200182424 /* Sudoku Elves.app */;
			productType = "com.apple.product-type.application";
		};
		3E358E79269DD67100182424 /* Sudoku Elves CN */ = {
			isa = PBXNativeTarget;
			buildConfigurationList = 3E358E8B269DD67300182424 /* Build configuration list for PBXNativeTarget "Sudoku Elves CN" */;
			buildPhases = (
				DF6676335F0855795EE0B7A4 /* [CP] Check Pods Manifest.lock */,
				3E358E76269DD67100182424 /* Sources */,
				3E358E77269DD67100182424 /* Frameworks */,
				3E358E78269DD67100182424 /* Resources */,
				EE96B7EAA947E6BA3DFFDABE /* [CP] Embed Pods Frameworks */,
			);
			buildRules = (
			);
			dependencies = (
			);
			name = "Sudoku Elves CN";
			productName = "Sudoku Elves CN";
			productReference = 3E358E7A269DD67100182424 /* Sudoku Elves CN.app */;
			productType = "com.apple.product-type.application";
		};
		3E358E91269DD68100182424 /* Sudoku Elves + */ = {
			isa = PBXNativeTarget;
			buildConfigurationList = 3E358EA3269DD68100182424 /* Build configuration list for PBXNativeTarget "Sudoku Elves +" */;
			buildPhases = (
				E272C91922D0AFE51A063171 /* [CP] Check Pods Manifest.lock */,
				3E358E8E269DD68100182424 /* Sources */,
				3E358E8F269DD68100182424 /* Frameworks */,
				3E358E90269DD68100182424 /* Resources */,
				3C0A48DD07C0903806993F61 /* [CP] Embed Pods Frameworks */,
			);
			buildRules = (
			);
			dependencies = (
			);
			name = "Sudoku Elves +";
			productName = "Sudoku Elves +";
			productReference = 3E358E92269DD68100182424 /* Sudoku Elves +.app */;
			productType = "com.apple.product-type.application";
		};
		3E358EA9269DD68B00182424 /* Sudoku Elves CN + */ = {
			isa = PBXNativeTarget;
			buildConfigurationList = 3E358EBB269DD68B00182424 /* Build configuration list for PBXNativeTarget "Sudoku Elves CN +" */;
			buildPhases = (
				E80865116E193B1CA01CBC0D /* [CP] Check Pods Manifest.lock */,
				3E358EA6269DD68B00182424 /* Sources */,
				3E358EA7269DD68B00182424 /* Frameworks */,
				3E358EA8269DD68B00182424 /* Resources */,
				337B044BC1AF6E55CE791329 /* [CP] Embed Pods Frameworks */,
			);
			buildRules = (
			);
			dependencies = (
			);
			name = "Sudoku Elves CN +";
			productName = "Sudoku Elves CN +";
			productReference = 3E358EAA269DD68B00182424 /* Sudoku Elves CN +.app */;
			productType = "com.apple.product-type.application";
		};
		3EA36503269DCE29008D5AC5 /* SudokuElves */ = {
			isa = PBXNativeTarget;
			buildConfigurationList = 3EA3650B269DCE29008D5AC5 /* Build configuration list for PBXNativeTarget "SudokuElves" */;
			buildPhases = (
				3CA6FCFDB1C0B0C2268156D0 /* [CP] Check Pods Manifest.lock */,
				3EA36500269DCE29008D5AC5 /* Sources */,
				3EA36501269DCE29008D5AC5 /* Frameworks */,
				3EA36502269DCE29008D5AC5 /* CopyFiles */,
			);
			buildRules = (
			);
			dependencies = (
			);
			name = SudokuElves;
			packageProductDependencies = (
				3E358EC7269DDE5800182424 /* SwiftyStoreKit */,
			);
			productName = SudokuElves;
			productReference = 3EA36504269DCE29008D5AC5 /* SudokuElves */;
			productType = "com.apple.product-type.tool";
		};
/* End PBXNativeTarget section */

/* Begin PBXProject section */
		3EA364FC269DCE29008D5AC5 /* Project object */ = {
			isa = PBXProject;
			attributes = {
				LastSwiftUpdateCheck = 1250;
				LastUpgradeCheck = 1250;
				TargetAttributes = {
					3E358E61269DD66200182424 = {
						CreatedOnToolsVersion = 12.5.1;
					};
					3E358E79269DD67100182424 = {
						CreatedOnToolsVersion = 12.5.1;
					};
					3E358E91269DD68100182424 = {
						CreatedOnToolsVersion = 12.5.1;
					};
					3E358EA9269DD68B00182424 = {
						CreatedOnToolsVersion = 12.5.1;
					};
					3EA36503269DCE29008D5AC5 = {
						CreatedOnToolsVersion = 12.5.1;
					};
				};
			};
			buildConfigurationList = 3EA364FF269DCE29008D5AC5 /* Build configuration list for PBXProject "SudokuElves" */;
			compatibilityVersion = "Xcode 9.3";
			developmentRegion = en;
			hasScannedForEncodings = 0;
			knownRegions = (
				en,
				"zh-Hans",
			);
			mainGroup = 3EA364FB269DCE29008D5AC5;
			packageReferences = (
				3E358EC6269DDE5800182424 /* XCRemoteSwiftPackageReference "SwiftyStoreKit" */,
			);
			productRefGroup = 3EA36505269DCE29008D5AC5 /* Products */;
			projectDirPath = "";
			projectRoot = "";
			targets = (
				3EA36503269DCE29008D5AC5 /* SudokuElves */,
				3E358E61269DD66200182424 /* Sudoku Elves */,
				3E358E79269DD67100182424 /* Sudoku Elves CN */,
				3E358E91269DD68100182424 /* Sudoku Elves + */,
				3E358EA9269DD68B00182424 /* Sudoku Elves CN + */,
			);
		};
/* End PBXProject section */

/* Begin PBXResourcesBuildPhase section */
		3E358E60269DD66200182424 /* Resources */ = {
			isa = PBXResourcesBuildPhase;
			buildActionMask = 2147483647;
			files = (
				3E5516E3269DE5C500F0508E /* Localizable.strings in Resources */,
				3E358E71269DD66300182424 /* LaunchScreen.storyboard in Resources */,
				3E5516C3269DDFEC00F0508E /* GoogleService-Info.plist in Resources */,
				3E358E6E269DD66300182424 /* Preview Assets.xcassets in Resources */,
				3E358E6B269DD66300182424 /* Assets.xcassets in Resources */,
			);
			runOnlyForDeploymentPostprocessing = 0;
		};
		3E358E78269DD67100182424 /* Resources */ = {
			isa = PBXResourcesBuildPhase;
			buildActionMask = 2147483647;
			files = (
				3E358E89269DD67300182424 /* LaunchScreen.storyboard in Resources */,
				3E358E86269DD67300182424 /* Preview Assets.xcassets in Resources */,
				3E358E83269DD67300182424 /* Assets.xcassets in Resources */,
			);
			runOnlyForDeploymentPostprocessing = 0;
		};
		3E358E90269DD68100182424 /* Resources */ = {
			isa = PBXResourcesBuildPhase;
			buildActionMask = 2147483647;
			files = (
				3E358EA1269DD68100182424 /* LaunchScreen.storyboard in Resources */,
				3E358E9E269DD68100182424 /* Preview Assets.xcassets in Resources */,
				3E358E9B269DD68100182424 /* Assets.xcassets in Resources */,
			);
			runOnlyForDeploymentPostprocessing = 0;
		};
		3E358EA8269DD68B00182424 /* Resources */ = {
			isa = PBXResourcesBuildPhase;
			buildActionMask = 2147483647;
			files = (
				3E358EB9269DD68B00182424 /* LaunchScreen.storyboard in Resources */,
				3E358EB6269DD68B00182424 /* Preview Assets.xcassets in Resources */,
				3E358EB3269DD68B00182424 /* Assets.xcassets in Resources */,
			);
			runOnlyForDeploymentPostprocessing = 0;
		};
/* End PBXResourcesBuildPhase section */

/* Begin PBXShellScriptBuildPhase section */
		337B044BC1AF6E55CE791329 /* [CP] Embed Pods Frameworks */ = {
			isa = PBXShellScriptBuildPhase;
			buildActionMask = 2147483647;
			files = (
			);
			inputFileListPaths = (
				"${PODS_ROOT}/Target Support Files/Pods-iOS App-Sudoku Elves CN +/Pods-iOS App-Sudoku Elves CN +-frameworks-${CONFIGURATION}-input-files.xcfilelist",
			);
			name = "[CP] Embed Pods Frameworks";
			outputFileListPaths = (
				"${PODS_ROOT}/Target Support Files/Pods-iOS App-Sudoku Elves CN +/Pods-iOS App-Sudoku Elves CN +-frameworks-${CONFIGURATION}-output-files.xcfilelist",
			);
			runOnlyForDeploymentPostprocessing = 0;
			shellPath = /bin/sh;
			shellScript = "\"${PODS_ROOT}/Target Support Files/Pods-iOS App-Sudoku Elves CN +/Pods-iOS App-Sudoku Elves CN +-frameworks.sh\"\n";
			showEnvVarsInLog = 0;
		};
		3C0A48DD07C0903806993F61 /* [CP] Embed Pods Frameworks */ = {
			isa = PBXShellScriptBuildPhase;
			buildActionMask = 2147483647;
			files = (
			);
			inputFileListPaths = (
				"${PODS_ROOT}/Target Support Files/Pods-iOS App-Sudoku Elves +/Pods-iOS App-Sudoku Elves +-frameworks-${CONFIGURATION}-input-files.xcfilelist",
			);
			name = "[CP] Embed Pods Frameworks";
			outputFileListPaths = (
				"${PODS_ROOT}/Target Support Files/Pods-iOS App-Sudoku Elves +/Pods-iOS App-Sudoku Elves +-frameworks-${CONFIGURATION}-output-files.xcfilelist",
			);
			runOnlyForDeploymentPostprocessing = 0;
			shellPath = /bin/sh;
			shellScript = "\"${PODS_ROOT}/Target Support Files/Pods-iOS App-Sudoku Elves +/Pods-iOS App-Sudoku Elves +-frameworks.sh\"\n";
			showEnvVarsInLog = 0;
		};
		3CA6FCFDB1C0B0C2268156D0 /* [CP] Check Pods Manifest.lock */ = {
			isa = PBXShellScriptBuildPhase;
			buildActionMask = 2147483647;
			files = (
			);
			inputFileListPaths = (
			);
			inputPaths = (
				"${PODS_PODFILE_DIR_PATH}/Podfile.lock",
				"${PODS_ROOT}/Manifest.lock",
			);
			name = "[CP] Check Pods Manifest.lock";
			outputFileListPaths = (
			);
			outputPaths = (
				"$(DERIVED_FILE_DIR)/Pods-SudokuElves-checkManifestLockResult.txt",
			);
			runOnlyForDeploymentPostprocessing = 0;
			shellPath = /bin/sh;
			shellScript = "diff \"${PODS_PODFILE_DIR_PATH}/Podfile.lock\" \"${PODS_ROOT}/Manifest.lock\" > /dev/null\nif [ $? != 0 ] ; then\n    # print error to STDERR\n    echo \"error: The sandbox is not in sync with the Podfile.lock. Run 'pod install' or update your CocoaPods installation.\" >&2\n    exit 1\nfi\n# This output is used by Xcode 'outputs' to avoid re-running this script phase.\necho \"SUCCESS\" > \"${SCRIPT_OUTPUT_FILE_0}\"\n";
			showEnvVarsInLog = 0;
		};
		6EEC232D929802C6C39BF7E4 /* [CP] Check Pods Manifest.lock */ = {
			isa = PBXShellScriptBuildPhase;
			buildActionMask = 2147483647;
			files = (
			);
			inputFileListPaths = (
			);
			inputPaths = (
				"${PODS_PODFILE_DIR_PATH}/Podfile.lock",
				"${PODS_ROOT}/Manifest.lock",
			);
			name = "[CP] Check Pods Manifest.lock";
			outputFileListPaths = (
			);
			outputPaths = (
				"$(DERIVED_FILE_DIR)/Pods-iOS App-Sudoku Elves-checkManifestLockResult.txt",
			);
			runOnlyForDeploymentPostprocessing = 0;
			shellPath = /bin/sh;
			shellScript = "diff \"${PODS_PODFILE_DIR_PATH}/Podfile.lock\" \"${PODS_ROOT}/Manifest.lock\" > /dev/null\nif [ $? != 0 ] ; then\n    # print error to STDERR\n    echo \"error: The sandbox is not in sync with the Podfile.lock. Run 'pod install' or update your CocoaPods installation.\" >&2\n    exit 1\nfi\n# This output is used by Xcode 'outputs' to avoid re-running this script phase.\necho \"SUCCESS\" > \"${SCRIPT_OUTPUT_FILE_0}\"\n";
			showEnvVarsInLog = 0;
		};
		DF6676335F0855795EE0B7A4 /* [CP] Check Pods Manifest.lock */ = {
			isa = PBXShellScriptBuildPhase;
			buildActionMask = 2147483647;
			files = (
			);
			inputFileListPaths = (
			);
			inputPaths = (
				"${PODS_PODFILE_DIR_PATH}/Podfile.lock",
				"${PODS_ROOT}/Manifest.lock",
			);
			name = "[CP] Check Pods Manifest.lock";
			outputFileListPaths = (
			);
			outputPaths = (
				"$(DERIVED_FILE_DIR)/Pods-iOS App-Sudoku Elves CN-checkManifestLockResult.txt",
			);
			runOnlyForDeploymentPostprocessing = 0;
			shellPath = /bin/sh;
			shellScript = "diff \"${PODS_PODFILE_DIR_PATH}/Podfile.lock\" \"${PODS_ROOT}/Manifest.lock\" > /dev/null\nif [ $? != 0 ] ; then\n    # print error to STDERR\n    echo \"error: The sandbox is not in sync with the Podfile.lock. Run 'pod install' or update your CocoaPods installation.\" >&2\n    exit 1\nfi\n# This output is used by Xcode 'outputs' to avoid re-running this script phase.\necho \"SUCCESS\" > \"${SCRIPT_OUTPUT_FILE_0}\"\n";
			showEnvVarsInLog = 0;
		};
		E272C91922D0AFE51A063171 /* [CP] Check Pods Manifest.lock */ = {
			isa = PBXShellScriptBuildPhase;
			buildActionMask = 2147483647;
			files = (
			);
			inputFileListPaths = (
			);
			inputPaths = (
				"${PODS_PODFILE_DIR_PATH}/Podfile.lock",
				"${PODS_ROOT}/Manifest.lock",
			);
			name = "[CP] Check Pods Manifest.lock";
			outputFileListPaths = (
			);
			outputPaths = (
				"$(DERIVED_FILE_DIR)/Pods-iOS App-Sudoku Elves +-checkManifestLockResult.txt",
			);
			runOnlyForDeploymentPostprocessing = 0;
			shellPath = /bin/sh;
			shellScript = "diff \"${PODS_PODFILE_DIR_PATH}/Podfile.lock\" \"${PODS_ROOT}/Manifest.lock\" > /dev/null\nif [ $? != 0 ] ; then\n    # print error to STDERR\n    echo \"error: The sandbox is not in sync with the Podfile.lock. Run 'pod install' or update your CocoaPods installation.\" >&2\n    exit 1\nfi\n# This output is used by Xcode 'outputs' to avoid re-running this script phase.\necho \"SUCCESS\" > \"${SCRIPT_OUTPUT_FILE_0}\"\n";
			showEnvVarsInLog = 0;
		};
		E80865116E193B1CA01CBC0D /* [CP] Check Pods Manifest.lock */ = {
			isa = PBXShellScriptBuildPhase;
			buildActionMask = 2147483647;
			files = (
			);
			inputFileListPaths = (
			);
			inputPaths = (
				"${PODS_PODFILE_DIR_PATH}/Podfile.lock",
				"${PODS_ROOT}/Manifest.lock",
			);
			name = "[CP] Check Pods Manifest.lock";
			outputFileListPaths = (
			);
			outputPaths = (
				"$(DERIVED_FILE_DIR)/Pods-iOS App-Sudoku Elves CN +-checkManifestLockResult.txt",
			);
			runOnlyForDeploymentPostprocessing = 0;
			shellPath = /bin/sh;
			shellScript = "diff \"${PODS_PODFILE_DIR_PATH}/Podfile.lock\" \"${PODS_ROOT}/Manifest.lock\" > /dev/null\nif [ $? != 0 ] ; then\n    # print error to STDERR\n    echo \"error: The sandbox is not in sync with the Podfile.lock. Run 'pod install' or update your CocoaPods installation.\" >&2\n    exit 1\nfi\n# This output is used by Xcode 'outputs' to avoid re-running this script phase.\necho \"SUCCESS\" > \"${SCRIPT_OUTPUT_FILE_0}\"\n";
			showEnvVarsInLog = 0;
		};
		EE96B7EAA947E6BA3DFFDABE /* [CP] Embed Pods Frameworks */ = {
			isa = PBXShellScriptBuildPhase;
			buildActionMask = 2147483647;
			files = (
			);
			inputFileListPaths = (
				"${PODS_ROOT}/Target Support Files/Pods-iOS App-Sudoku Elves CN/Pods-iOS App-Sudoku Elves CN-frameworks-${CONFIGURATION}-input-files.xcfilelist",
			);
			name = "[CP] Embed Pods Frameworks";
			outputFileListPaths = (
				"${PODS_ROOT}/Target Support Files/Pods-iOS App-Sudoku Elves CN/Pods-iOS App-Sudoku Elves CN-frameworks-${CONFIGURATION}-output-files.xcfilelist",
			);
			runOnlyForDeploymentPostprocessing = 0;
			shellPath = /bin/sh;
			shellScript = "\"${PODS_ROOT}/Target Support Files/Pods-iOS App-Sudoku Elves CN/Pods-iOS App-Sudoku Elves CN-frameworks.sh\"\n";
			showEnvVarsInLog = 0;
		};
		FE2499DDF6A75FC8878BF974 /* [CP] Embed Pods Frameworks */ = {
			isa = PBXShellScriptBuildPhase;
			buildActionMask = 2147483647;
			files = (
			);
			inputFileListPaths = (
				"${PODS_ROOT}/Target Support Files/Pods-iOS App-Sudoku Elves/Pods-iOS App-Sudoku Elves-frameworks-${CONFIGURATION}-input-files.xcfilelist",
			);
			name = "[CP] Embed Pods Frameworks";
			outputFileListPaths = (
				"${PODS_ROOT}/Target Support Files/Pods-iOS App-Sudoku Elves/Pods-iOS App-Sudoku Elves-frameworks-${CONFIGURATION}-output-files.xcfilelist",
			);
			runOnlyForDeploymentPostprocessing = 0;
			shellPath = /bin/sh;
			shellScript = "\"${PODS_ROOT}/Target Support Files/Pods-iOS App-Sudoku Elves/Pods-iOS App-Sudoku Elves-frameworks.sh\"\n";
			showEnvVarsInLog = 0;
		};
/* End PBXShellScriptBuildPhase section */

/* Begin PBXSourcesBuildPhase section */
		3E358E5E269DD66200182424 /* Sources */ = {
			isa = PBXSourcesBuildPhase;
			buildActionMask = 2147483647;
			files = (
				3E5516DD269DE56000F0508E /* Solver.swift in Sources */,
				3E5516D5269DE55900F0508E /* Conjecturer.swift in Sources */,
				3E5516C7269DE01B00F0508E /* InterstitialAds.swift in Sources */,
				3E5516EA269DE67B00F0508E /* PlayingView.swift in Sources */,
				3E358E65269DD66200182424 /* AppDelegate.swift in Sources */,
				3E5516C8269DE50200F0508E /* Util.swift in Sources */,
				3E5516D1269DE55500F0508E /* StopWatchManager.swift in Sources */,
				3E5516CD269DE53F00F0508E /* Vision.swift in Sources */,
				3E5516D9269DE55C00F0508E /* Generator.swift in Sources */,
				3E358E67269DD66200182424 /* SceneDelegate.swift in Sources */,
				3E5516E8269DE65D00F0508E /* ShopView.swift in Sources */,
				3E358E69269DD66200182424 /* ContentView.swift in Sources */,
			);
			runOnlyForDeploymentPostprocessing = 0;
		};
		3E358E76269DD67100182424 /* Sources */ = {
			isa = PBXSourcesBuildPhase;
			buildActionMask = 2147483647;
			files = (
				3E358E7D269DD67100182424 /* AppDelegate.swift in Sources */,
				3E5516DA269DE55D00F0508E /* Generator.swift in Sources */,
				3E5516DE269DE56000F0508E /* Solver.swift in Sources */,
				3E5516D2269DE55600F0508E /* StopWatchManager.swift in Sources */,
				3E358E7F269DD67100182424 /* SceneDelegate.swift in Sources */,
				3E5516CE269DE55000F0508E /* Vision.swift in Sources */,
				3E358E81269DD67100182424 /* ContentView.swift in Sources */,
				3E5516D6269DE55900F0508E /* Conjecturer.swift in Sources */,
				3E5516C9269DE50200F0508E /* Util.swift in Sources */,
			);
			runOnlyForDeploymentPostprocessing = 0;
		};
		3E358E8E269DD68100182424 /* Sources */ = {
			isa = PBXSourcesBuildPhase;
			buildActionMask = 2147483647;
			files = (
				3E358E95269DD68100182424 /* AppDelegate.swift in Sources */,
				3E5516DB269DE55D00F0508E /* Generator.swift in Sources */,
				3E5516DF269DE56000F0508E /* Solver.swift in Sources */,
				3E5516D3269DE55600F0508E /* StopWatchManager.swift in Sources */,
				3E358E97269DD68100182424 /* SceneDelegate.swift in Sources */,
				3E5516CF269DE55000F0508E /* Vision.swift in Sources */,
				3E358E99269DD68100182424 /* ContentView.swift in Sources */,
				3E5516D7269DE55A00F0508E /* Conjecturer.swift in Sources */,
				3E5516CA269DE50200F0508E /* Util.swift in Sources */,
			);
			runOnlyForDeploymentPostprocessing = 0;
		};
		3E358EA6269DD68B00182424 /* Sources */ = {
			isa = PBXSourcesBuildPhase;
			buildActionMask = 2147483647;
			files = (
				3E358EAD269DD68B00182424 /* AppDelegate.swift in Sources */,
				3E5516DC269DE55D00F0508E /* Generator.swift in Sources */,
				3E5516E0269DE56100F0508E /* Solver.swift in Sources */,
				3E5516D4269DE55600F0508E /* StopWatchManager.swift in Sources */,
				3E358EAF269DD68B00182424 /* SceneDelegate.swift in Sources */,
				3E5516D0269DE55000F0508E /* Vision.swift in Sources */,
				3E358EB1269DD68B00182424 /* ContentView.swift in Sources */,
				3E5516D8269DE55A00F0508E /* Conjecturer.swift in Sources */,
				3E5516CB269DE50300F0508E /* Util.swift in Sources */,
			);
			runOnlyForDeploymentPostprocessing = 0;
		};
		3EA36500269DCE29008D5AC5 /* Sources */ = {
			isa = PBXSourcesBuildPhase;
			buildActionMask = 2147483647;
			files = (
				3EA36512269DD17D008D5AC5 /* Generator.swift in Sources */,
				3EA36518269DD1C0008D5AC5 /* Util.swift in Sources */,
				3EA36516269DD1A1008D5AC5 /* StopWatchManager.swift in Sources */,
				3EA36510269DD0FE008D5AC5 /* Conjecturer.swift in Sources */,
				3EA36514269DD18C008D5AC5 /* Solver.swift in Sources */,
				3EA36508269DCE29008D5AC5 /* main.swift in Sources */,
			);
			runOnlyForDeploymentPostprocessing = 0;
		};
/* End PBXSourcesBuildPhase section */

/* Begin PBXVariantGroup section */
		3E358E6F269DD66300182424 /* LaunchScreen.storyboard */ = {
			isa = PBXVariantGroup;
			children = (
				3E358EC1269DDC3B00182424 /* en */,
				3E358EC2269DDC4400182424 /* zh-Hans */,
			);
			name = LaunchScreen.storyboard;
			sourceTree = "<group>";
		};
		3E358E87269DD67300182424 /* LaunchScreen.storyboard */ = {
			isa = PBXVariantGroup;
			children = (
				3E358EBF269DDC3B00182424 /* en */,
				3E358EC3269DDC4500182424 /* zh-Hans */,
			);
			name = LaunchScreen.storyboard;
			sourceTree = "<group>";
		};
		3E358E9F269DD68100182424 /* LaunchScreen.storyboard */ = {
			isa = PBXVariantGroup;
			children = (
				3E358EC0269DDC3B00182424 /* en */,
				3E358EC4269DDC4500182424 /* zh-Hans */,
			);
			name = LaunchScreen.storyboard;
			sourceTree = "<group>";
		};
		3E358EB7269DD68B00182424 /* LaunchScreen.storyboard */ = {
			isa = PBXVariantGroup;
			children = (
				3E358EBE269DDC3B00182424 /* en */,
				3E358EC5269DDC4500182424 /* zh-Hans */,
			);
			name = LaunchScreen.storyboard;
			sourceTree = "<group>";
		};
		3E5516E5269DE5C500F0508E /* Localizable.strings */ = {
			isa = PBXVariantGroup;
			children = (
				3E5516E4269DE5C500F0508E /* en */,
				3E5516E6269DE5C800F0508E /* zh-Hans */,
			);
			name = Localizable.strings;
			sourceTree = "<group>";
		};
/* End PBXVariantGroup section */

/* Begin XCBuildConfiguration section */
		3E358E73269DD66300182424 /* Debug */ = {
			isa = XCBuildConfiguration;
			baseConfigurationReference = BE977F2668B52134F51EA2DE /* Pods-iOS App-Sudoku Elves.debug.xcconfig */;
			buildSettings = {
				ASSETCATALOG_COMPILER_APPICON_NAME = AppIcon;
				ASSETCATALOG_COMPILER_GLOBAL_ACCENT_COLOR_NAME = AccentColor;
				CODE_SIGN_STYLE = Automatic;
				CURRENT_PROJECT_VERSION = 1.1.9;
				DEVELOPMENT_ASSET_PATHS = "\"Sudoku Elves/Preview Content\"";
				DEVELOPMENT_TEAM = QT93JJ48BC;
				ENABLE_PREVIEWS = YES;
				INFOPLIST_FILE = "Sudoku Elves/Info.plist";
				IPHONEOS_DEPLOYMENT_TARGET = 14.5;
				LD_RUNPATH_SEARCH_PATHS = (
					"$(inherited)",
					"@executable_path/Frameworks",
				);
				MARKETING_VERSION = 1.1;
				PRODUCT_BUNDLE_IDENTIFIER = top.cubik65536.app.SudokuElves;
				PRODUCT_NAME = "$(TARGET_NAME)";
				SDKROOT = iphoneos;
				SWIFT_VERSION = 5.0;
				TARGETED_DEVICE_FAMILY = 1;
			};
			name = Debug;
		};
		3E358E74269DD66300182424 /* Release */ = {
			isa = XCBuildConfiguration;
			baseConfigurationReference = E54BC3B431B75CEA8F43210F /* Pods-iOS App-Sudoku Elves.release.xcconfig */;
			buildSettings = {
				ASSETCATALOG_COMPILER_APPICON_NAME = AppIcon;
				ASSETCATALOG_COMPILER_GLOBAL_ACCENT_COLOR_NAME = AccentColor;
				CODE_SIGN_STYLE = Automatic;
				CURRENT_PROJECT_VERSION = 1.1.9;
				DEVELOPMENT_ASSET_PATHS = "\"Sudoku Elves/Preview Content\"";
				DEVELOPMENT_TEAM = QT93JJ48BC;
				ENABLE_PREVIEWS = YES;
				INFOPLIST_FILE = "Sudoku Elves/Info.plist";
				IPHONEOS_DEPLOYMENT_TARGET = 14.5;
				LD_RUNPATH_SEARCH_PATHS = (
					"$(inherited)",
					"@executable_path/Frameworks",
				);
				MARKETING_VERSION = 1.1;
				PRODUCT_BUNDLE_IDENTIFIER = top.cubik65536.app.SudokuElves;
				PRODUCT_NAME = "$(TARGET_NAME)";
				SDKROOT = iphoneos;
				SWIFT_VERSION = 5.0;
				TARGETED_DEVICE_FAMILY = 1;
				VALIDATE_PRODUCT = YES;
			};
			name = Release;
		};
		3E358E8C269DD67300182424 /* Debug */ = {
			isa = XCBuildConfiguration;
			baseConfigurationReference = 6600192DC3566FE824CC9B56 /* Pods-iOS App-Sudoku Elves CN.debug.xcconfig */;
			buildSettings = {
				ASSETCATALOG_COMPILER_APPICON_NAME = AppIcon;
				ASSETCATALOG_COMPILER_GLOBAL_ACCENT_COLOR_NAME = AccentColor;
				CODE_SIGN_STYLE = Automatic;
				DEVELOPMENT_ASSET_PATHS = "\"Sudoku Elves CN/Preview Content\"";
				DEVELOPMENT_TEAM = QT93JJ48BC;
				ENABLE_PREVIEWS = YES;
				INFOPLIST_FILE = "Sudoku Elves CN/Info.plist";
				IPHONEOS_DEPLOYMENT_TARGET = 14.5;
				LD_RUNPATH_SEARCH_PATHS = (
					"$(inherited)",
					"@executable_path/Frameworks",
				);
				PRODUCT_BUNDLE_IDENTIFIER = "top.cubik65536.app.Sudoku-Elves-CN";
				PRODUCT_NAME = "$(TARGET_NAME)";
				SDKROOT = iphoneos;
				SWIFT_VERSION = 5.0;
				TARGETED_DEVICE_FAMILY = "1,2";
			};
			name = Debug;
		};
		3E358E8D269DD67300182424 /* Release */ = {
			isa = XCBuildConfiguration;
			baseConfigurationReference = E61005503A4AC616C17628ED /* Pods-iOS App-Sudoku Elves CN.release.xcconfig */;
			buildSettings = {
				ASSETCATALOG_COMPILER_APPICON_NAME = AppIcon;
				ASSETCATALOG_COMPILER_GLOBAL_ACCENT_COLOR_NAME = AccentColor;
				CODE_SIGN_STYLE = Automatic;
				DEVELOPMENT_ASSET_PATHS = "\"Sudoku Elves CN/Preview Content\"";
				DEVELOPMENT_TEAM = QT93JJ48BC;
				ENABLE_PREVIEWS = YES;
				INFOPLIST_FILE = "Sudoku Elves CN/Info.plist";
				IPHONEOS_DEPLOYMENT_TARGET = 14.5;
				LD_RUNPATH_SEARCH_PATHS = (
					"$(inherited)",
					"@executable_path/Frameworks",
				);
				PRODUCT_BUNDLE_IDENTIFIER = "top.cubik65536.app.Sudoku-Elves-CN";
				PRODUCT_NAME = "$(TARGET_NAME)";
				SDKROOT = iphoneos;
				SWIFT_VERSION = 5.0;
				TARGETED_DEVICE_FAMILY = "1,2";
				VALIDATE_PRODUCT = YES;
			};
			name = Release;
		};
		3E358EA4269DD68100182424 /* Debug */ = {
			isa = XCBuildConfiguration;
			baseConfigurationReference = 4110F25BF6EB0CA0BF317575 /* Pods-iOS App-Sudoku Elves +.debug.xcconfig */;
			buildSettings = {
				ASSETCATALOG_COMPILER_APPICON_NAME = AppIcon;
				ASSETCATALOG_COMPILER_GLOBAL_ACCENT_COLOR_NAME = AccentColor;
				CODE_SIGN_STYLE = Automatic;
				DEVELOPMENT_ASSET_PATHS = "\"Sudoku Elves +/Preview Content\"";
				DEVELOPMENT_TEAM = QT93JJ48BC;
				ENABLE_PREVIEWS = YES;
				INFOPLIST_FILE = "Sudoku Elves +/Info.plist";
				IPHONEOS_DEPLOYMENT_TARGET = 14.5;
				LD_RUNPATH_SEARCH_PATHS = (
					"$(inherited)",
					"@executable_path/Frameworks",
				);
				PRODUCT_BUNDLE_IDENTIFIER = "top.cubik65536.app.Sudoku-Elves--";
				PRODUCT_NAME = "$(TARGET_NAME)";
				SDKROOT = iphoneos;
				SWIFT_VERSION = 5.0;
				TARGETED_DEVICE_FAMILY = "1,2";
			};
			name = Debug;
		};
		3E358EA5269DD68100182424 /* Release */ = {
			isa = XCBuildConfiguration;
			baseConfigurationReference = 32518EC15AD81F51D6CE59F4 /* Pods-iOS App-Sudoku Elves +.release.xcconfig */;
			buildSettings = {
				ASSETCATALOG_COMPILER_APPICON_NAME = AppIcon;
				ASSETCATALOG_COMPILER_GLOBAL_ACCENT_COLOR_NAME = AccentColor;
				CODE_SIGN_STYLE = Automatic;
				DEVELOPMENT_ASSET_PATHS = "\"Sudoku Elves +/Preview Content\"";
				DEVELOPMENT_TEAM = QT93JJ48BC;
				ENABLE_PREVIEWS = YES;
				INFOPLIST_FILE = "Sudoku Elves +/Info.plist";
				IPHONEOS_DEPLOYMENT_TARGET = 14.5;
				LD_RUNPATH_SEARCH_PATHS = (
					"$(inherited)",
					"@executable_path/Frameworks",
				);
				PRODUCT_BUNDLE_IDENTIFIER = "top.cubik65536.app.Sudoku-Elves--";
				PRODUCT_NAME = "$(TARGET_NAME)";
				SDKROOT = iphoneos;
				SWIFT_VERSION = 5.0;
				TARGETED_DEVICE_FAMILY = "1,2";
				VALIDATE_PRODUCT = YES;
			};
			name = Release;
		};
		3E358EBC269DD68B00182424 /* Debug */ = {
			isa = XCBuildConfiguration;
			baseConfigurationReference = 90B669E23CA89E97C15A5786 /* Pods-iOS App-Sudoku Elves CN +.debug.xcconfig */;
			buildSettings = {
				ASSETCATALOG_COMPILER_APPICON_NAME = AppIcon;
				ASSETCATALOG_COMPILER_GLOBAL_ACCENT_COLOR_NAME = AccentColor;
				CODE_SIGN_STYLE = Automatic;
				DEVELOPMENT_ASSET_PATHS = "\"Sudoku Elves CN +/Preview Content\"";
				DEVELOPMENT_TEAM = QT93JJ48BC;
				ENABLE_PREVIEWS = YES;
				INFOPLIST_FILE = "Sudoku Elves CN +/Info.plist";
				IPHONEOS_DEPLOYMENT_TARGET = 14.5;
				LD_RUNPATH_SEARCH_PATHS = (
					"$(inherited)",
					"@executable_path/Frameworks",
				);
				PRODUCT_BUNDLE_IDENTIFIER = "top.cubik65536.app.Sudoku-Elves-CN--";
				PRODUCT_NAME = "$(TARGET_NAME)";
				SDKROOT = iphoneos;
				SWIFT_VERSION = 5.0;
				TARGETED_DEVICE_FAMILY = "1,2";
			};
			name = Debug;
		};
		3E358EBD269DD68B00182424 /* Release */ = {
			isa = XCBuildConfiguration;
			baseConfigurationReference = AF4A086331B38A004CAA985F /* Pods-iOS App-Sudoku Elves CN +.release.xcconfig */;
			buildSettings = {
				ASSETCATALOG_COMPILER_APPICON_NAME = AppIcon;
				ASSETCATALOG_COMPILER_GLOBAL_ACCENT_COLOR_NAME = AccentColor;
				CODE_SIGN_STYLE = Automatic;
				DEVELOPMENT_ASSET_PATHS = "\"Sudoku Elves CN +/Preview Content\"";
				DEVELOPMENT_TEAM = QT93JJ48BC;
				ENABLE_PREVIEWS = YES;
				INFOPLIST_FILE = "Sudoku Elves CN +/Info.plist";
				IPHONEOS_DEPLOYMENT_TARGET = 14.5;
				LD_RUNPATH_SEARCH_PATHS = (
					"$(inherited)",
					"@executable_path/Frameworks",
				);
				PRODUCT_BUNDLE_IDENTIFIER = "top.cubik65536.app.Sudoku-Elves-CN--";
				PRODUCT_NAME = "$(TARGET_NAME)";
				SDKROOT = iphoneos;
				SWIFT_VERSION = 5.0;
				TARGETED_DEVICE_FAMILY = "1,2";
				VALIDATE_PRODUCT = YES;
			};
			name = Release;
		};
		3EA36509269DCE29008D5AC5 /* Debug */ = {
			isa = XCBuildConfiguration;
			buildSettings = {
				ALWAYS_SEARCH_USER_PATHS = NO;
				CLANG_ANALYZER_LOCALIZABILITY_NONLOCALIZED = YES;
				CLANG_ANALYZER_NONNULL = YES;
				CLANG_ANALYZER_NUMBER_OBJECT_CONVERSION = YES_AGGRESSIVE;
				CLANG_CXX_LANGUAGE_STANDARD = "gnu++14";
				CLANG_CXX_LIBRARY = "libc++";
				CLANG_ENABLE_MODULES = YES;
				CLANG_ENABLE_OBJC_ARC = YES;
				CLANG_ENABLE_OBJC_WEAK = YES;
				CLANG_WARN_BLOCK_CAPTURE_AUTORELEASING = YES;
				CLANG_WARN_BOOL_CONVERSION = YES;
				CLANG_WARN_COMMA = YES;
				CLANG_WARN_CONSTANT_CONVERSION = YES;
				CLANG_WARN_DEPRECATED_OBJC_IMPLEMENTATIONS = YES;
				CLANG_WARN_DIRECT_OBJC_ISA_USAGE = YES_ERROR;
				CLANG_WARN_DOCUMENTATION_COMMENTS = YES;
				CLANG_WARN_EMPTY_BODY = YES;
				CLANG_WARN_ENUM_CONVERSION = YES;
				CLANG_WARN_INFINITE_RECURSION = YES;
				CLANG_WARN_INT_CONVERSION = YES;
				CLANG_WARN_NON_LITERAL_NULL_CONVERSION = YES;
				CLANG_WARN_OBJC_IMPLICIT_RETAIN_SELF = YES;
				CLANG_WARN_OBJC_LITERAL_CONVERSION = YES;
				CLANG_WARN_OBJC_ROOT_CLASS = YES_ERROR;
				CLANG_WARN_QUOTED_INCLUDE_IN_FRAMEWORK_HEADER = YES;
				CLANG_WARN_RANGE_LOOP_ANALYSIS = YES;
				CLANG_WARN_STRICT_PROTOTYPES = YES;
				CLANG_WARN_SUSPICIOUS_MOVE = YES;
				CLANG_WARN_UNGUARDED_AVAILABILITY = YES_AGGRESSIVE;
				CLANG_WARN_UNREACHABLE_CODE = YES;
				CLANG_WARN__DUPLICATE_METHOD_MATCH = YES;
				COPY_PHASE_STRIP = NO;
				DEBUG_INFORMATION_FORMAT = dwarf;
				ENABLE_STRICT_OBJC_MSGSEND = YES;
				ENABLE_TESTABILITY = YES;
				GCC_C_LANGUAGE_STANDARD = gnu11;
				GCC_DYNAMIC_NO_PIC = NO;
				GCC_NO_COMMON_BLOCKS = YES;
				GCC_OPTIMIZATION_LEVEL = 0;
				GCC_PREPROCESSOR_DEFINITIONS = (
					"DEBUG=1",
					"$(inherited)",
				);
				GCC_WARN_64_TO_32_BIT_CONVERSION = YES;
				GCC_WARN_ABOUT_RETURN_TYPE = YES_ERROR;
				GCC_WARN_UNDECLARED_SELECTOR = YES;
				GCC_WARN_UNINITIALIZED_AUTOS = YES_AGGRESSIVE;
				GCC_WARN_UNUSED_FUNCTION = YES;
				GCC_WARN_UNUSED_VARIABLE = YES;
				MACOSX_DEPLOYMENT_TARGET = 11.3;
				MTL_ENABLE_DEBUG_INFO = INCLUDE_SOURCE;
				MTL_FAST_MATH = YES;
				ONLY_ACTIVE_ARCH = YES;
				SDKROOT = macosx;
				SWIFT_ACTIVE_COMPILATION_CONDITIONS = DEBUG;
				SWIFT_OPTIMIZATION_LEVEL = "-Onone";
			};
			name = Debug;
		};
		3EA3650A269DCE29008D5AC5 /* Release */ = {
			isa = XCBuildConfiguration;
			buildSettings = {
				ALWAYS_SEARCH_USER_PATHS = NO;
				CLANG_ANALYZER_LOCALIZABILITY_NONLOCALIZED = YES;
				CLANG_ANALYZER_NONNULL = YES;
				CLANG_ANALYZER_NUMBER_OBJECT_CONVERSION = YES_AGGRESSIVE;
				CLANG_CXX_LANGUAGE_STANDARD = "gnu++14";
				CLANG_CXX_LIBRARY = "libc++";
				CLANG_ENABLE_MODULES = YES;
				CLANG_ENABLE_OBJC_ARC = YES;
				CLANG_ENABLE_OBJC_WEAK = YES;
				CLANG_WARN_BLOCK_CAPTURE_AUTORELEASING = YES;
				CLANG_WARN_BOOL_CONVERSION = YES;
				CLANG_WARN_COMMA = YES;
				CLANG_WARN_CONSTANT_CONVERSION = YES;
				CLANG_WARN_DEPRECATED_OBJC_IMPLEMENTATIONS = YES;
				CLANG_WARN_DIRECT_OBJC_ISA_USAGE = YES_ERROR;
				CLANG_WARN_DOCUMENTATION_COMMENTS = YES;
				CLANG_WARN_EMPTY_BODY = YES;
				CLANG_WARN_ENUM_CONVERSION = YES;
				CLANG_WARN_INFINITE_RECURSION = YES;
				CLANG_WARN_INT_CONVERSION = YES;
				CLANG_WARN_NON_LITERAL_NULL_CONVERSION = YES;
				CLANG_WARN_OBJC_IMPLICIT_RETAIN_SELF = YES;
				CLANG_WARN_OBJC_LITERAL_CONVERSION = YES;
				CLANG_WARN_OBJC_ROOT_CLASS = YES_ERROR;
				CLANG_WARN_QUOTED_INCLUDE_IN_FRAMEWORK_HEADER = YES;
				CLANG_WARN_RANGE_LOOP_ANALYSIS = YES;
				CLANG_WARN_STRICT_PROTOTYPES = YES;
				CLANG_WARN_SUSPICIOUS_MOVE = YES;
				CLANG_WARN_UNGUARDED_AVAILABILITY = YES_AGGRESSIVE;
				CLANG_WARN_UNREACHABLE_CODE = YES;
				CLANG_WARN__DUPLICATE_METHOD_MATCH = YES;
				COPY_PHASE_STRIP = NO;
				DEBUG_INFORMATION_FORMAT = "dwarf-with-dsym";
				ENABLE_NS_ASSERTIONS = NO;
				ENABLE_STRICT_OBJC_MSGSEND = YES;
				GCC_C_LANGUAGE_STANDARD = gnu11;
				GCC_NO_COMMON_BLOCKS = YES;
				GCC_WARN_64_TO_32_BIT_CONVERSION = YES;
				GCC_WARN_ABOUT_RETURN_TYPE = YES_ERROR;
				GCC_WARN_UNDECLARED_SELECTOR = YES;
				GCC_WARN_UNINITIALIZED_AUTOS = YES_AGGRESSIVE;
				GCC_WARN_UNUSED_FUNCTION = YES;
				GCC_WARN_UNUSED_VARIABLE = YES;
				MACOSX_DEPLOYMENT_TARGET = 11.3;
				MTL_ENABLE_DEBUG_INFO = NO;
				MTL_FAST_MATH = YES;
				SDKROOT = macosx;
				SWIFT_COMPILATION_MODE = wholemodule;
				SWIFT_OPTIMIZATION_LEVEL = "-O";
			};
			name = Release;
		};
		3EA3650C269DCE29008D5AC5 /* Debug */ = {
			isa = XCBuildConfiguration;
			baseConfigurationReference = 5CA37A5CA03725A7F69EB5DF /* Pods-SudokuElves.debug.xcconfig */;
			buildSettings = {
				CODE_SIGN_STYLE = Automatic;
				DEVELOPMENT_TEAM = QT93JJ48BC;
				ENABLE_HARDENED_RUNTIME = YES;
				PRODUCT_NAME = "$(TARGET_NAME)";
				SWIFT_VERSION = 5.0;
			};
			name = Debug;
		};
		3EA3650D269DCE29008D5AC5 /* Release */ = {
			isa = XCBuildConfiguration;
			baseConfigurationReference = 3B5F58979B1178C04892E1CC /* Pods-SudokuElves.release.xcconfig */;
			buildSettings = {
				CODE_SIGN_STYLE = Automatic;
				DEVELOPMENT_TEAM = QT93JJ48BC;
				ENABLE_HARDENED_RUNTIME = YES;
				PRODUCT_NAME = "$(TARGET_NAME)";
				SWIFT_VERSION = 5.0;
			};
			name = Release;
		};
/* End XCBuildConfiguration section */

/* Begin XCConfigurationList section */
		3E358E75269DD66300182424 /* Build configuration list for PBXNativeTarget "Sudoku Elves" */ = {
			isa = XCConfigurationList;
			buildConfigurations = (
				3E358E73269DD66300182424 /* Debug */,
				3E358E74269DD66300182424 /* Release */,
			);
			defaultConfigurationIsVisible = 0;
			defaultConfigurationName = Release;
		};
		3E358E8B269DD67300182424 /* Build configuration list for PBXNativeTarget "Sudoku Elves CN" */ = {
			isa = XCConfigurationList;
			buildConfigurations = (
				3E358E8C269DD67300182424 /* Debug */,
				3E358E8D269DD67300182424 /* Release */,
			);
			defaultConfigurationIsVisible = 0;
			defaultConfigurationName = Release;
		};
		3E358EA3269DD68100182424 /* Build configuration list for PBXNativeTarget "Sudoku Elves +" */ = {
			isa = XCConfigurationList;
			buildConfigurations = (
				3E358EA4269DD68100182424 /* Debug */,
				3E358EA5269DD68100182424 /* Release */,
			);
			defaultConfigurationIsVisible = 0;
			defaultConfigurationName = Release;
		};
		3E358EBB269DD68B00182424 /* Build configuration list for PBXNativeTarget "Sudoku Elves CN +" */ = {
			isa = XCConfigurationList;
			buildConfigurations = (
				3E358EBC269DD68B00182424 /* Debug */,
				3E358EBD269DD68B00182424 /* Release */,
			);
			defaultConfigurationIsVisible = 0;
			defaultConfigurationName = Release;
		};
		3EA364FF269DCE29008D5AC5 /* Build configuration list for PBXProject "SudokuElves" */ = {
			isa = XCConfigurationList;
			buildConfigurations = (
				3EA36509269DCE29008D5AC5 /* Debug */,
				3EA3650A269DCE29008D5AC5 /* Release */,
			);
			defaultConfigurationIsVisible = 0;
			defaultConfigurationName = Release;
		};
		3EA3650B269DCE29008D5AC5 /* Build configuration list for PBXNativeTarget "SudokuElves" */ = {
			isa = XCConfigurationList;
			buildConfigurations = (
				3EA3650C269DCE29008D5AC5 /* Debug */,
				3EA3650D269DCE29008D5AC5 /* Release */,
			);
			defaultConfigurationIsVisible = 0;
			defaultConfigurationName = Release;
		};
/* End XCConfigurationList section */

/* Begin XCRemoteSwiftPackageReference section */
		3E358EC6269DDE5800182424 /* XCRemoteSwiftPackageReference "SwiftyStoreKit" */ = {
			isa = XCRemoteSwiftPackageReference;
			repositoryURL = "https://github.com/bizz84/SwiftyStoreKit.git";
			requirement = {
				kind = upToNextMajorVersion;
				minimumVersion = 0.16.3;
			};
		};
/* End XCRemoteSwiftPackageReference section */

/* Begin XCSwiftPackageProductDependency section */
		3E358EC7269DDE5800182424 /* SwiftyStoreKit */ = {
			isa = XCSwiftPackageProductDependency;
			package = 3E358EC6269DDE5800182424 /* XCRemoteSwiftPackageReference "SwiftyStoreKit" */;
			productName = SwiftyStoreKit;
		};
		3E5516C0269DDF3200F0508E /* SwiftyStoreKit */ = {
			isa = XCSwiftPackageProductDependency;
			package = 3E358EC6269DDE5800182424 /* XCRemoteSwiftPackageReference "SwiftyStoreKit" */;
			productName = SwiftyStoreKit;
		};
/* End XCSwiftPackageProductDependency section */
	};
	rootObject = 3EA364FC269DCE29008D5AC5 /* Project object */;
}
